{
  "name": "tokenusage",
  "version": "0.6.2",
  "lockfileVersion": 3,
  "requires": true,
  "packages": {
    "": {
      "name": "tokenusage",
      "version": "0.6.2",
      "license": "MIT",
      "bin": {
        "tokenusage": "bin/tracker.js",
        "tokenusage-cli": "bin/tracker.js",
        "tokenusage-tracker": "bin/tracker.js",
        "tracker": "bin/tracker.js"
      },
      "engines": {
        "node": ">=20"
      }
    }
  }
}
